version = 1
revision = 2
requires-python = ">=3.10"

[[package]]
name = "ares2"
version = "0.1.0"
source = { virtual = "." }
dependencies = [
    { name = "logger" },
]

[package.metadata]
requires-dist = [{ name = "logger", specifier = ">=1.4" }]

[[package]]
name = "logger"
version = "1.4"
source = { registry = "https://pypi.org/simple" }
sdist = { url = "https://files.pythonhosted.org/packages/73/2f/b0d28eaa1e2c1cf64129f8da3fe701888d152677fec708cd0f13e8309e1e/logger-1.4.tar.gz", hash = "sha256:4ecac57133c6376fa215f0fe6b4dc4d60e4d1ad8be005cab4e8a702df682f8b3", size = 1187, upload-time = "2013-10-22T16:49:01.48Z" }
